
Microsoft Visual Studio Solution File, Format Version 12.00
# Visual Studio Version 17
VisualStudioVersion = 17.9.34728.123
MinimumVisualStudioVersion = 10.0.40219.1
Project("{9A19103F-16F7-4668-BE54-9A1E7A4F7556}") = "CitySearch.Console", "CitySearch.Console\CitySearch.Console.csproj", "{6B951D5B-C405-4AB6-A191-D4630F5C8649}"
EndProject
Project("{9A19103F-16F7-4668-BE54-9A1E7A4F7556}") = "CitySearch.Contract", "CitySearch.Contract\CitySearch.Contract.csproj", "{930272B4-C8B6-40D2-907C-4FB4F19F51AC}"
EndProject
Project("{2150E333-8FDC-42A3-9474-1A3956D46DE8}") = "Solution Items", "Solution Items", "{23FA0730-3C72-4813-834E-0E12087799D6}"
	ProjectSection(SolutionItems) = preProject
		.gitignore = .gitignore
		CityNames.csv = CityNames.csv
	EndProjectSection
EndProject
Project("{9A19103F-16F7-4668-BE54-9A1E7A4F7556}") = "CitySearch.Service", "CitySearch.Service\CitySearch.Service.csproj", "{6A61E14B-615F-4B4E-A4A0-7EE4242B1411}"
EndProject
Project("{2150E333-8FDC-42A3-9474-1A3956D46DE8}") = "Tests Projects", "Tests Projects", "{DA764E99-B4C4-443F-822C-534D0A55B500}"
EndProject
Project("{9A19103F-16F7-4668-BE54-9A1E7A4F7556}") = "CitySearch.UnitTest.Service", "CitySearch.UnitTest.Service\CitySearch.UnitTest.Service.csproj", "{AAA270C6-6968-40E6-9E37-68A2B6F8067D}"
EndProject
Project("{9A19103F-16F7-4668-BE54-9A1E7A4F7556}") = "CitySearch.PerformanceTest.Service", "CitySearch.PerformanceTest.Service\CitySearch.PerformanceTest.Service.csproj", "{4C6CAB46-6F65-41A7-A24B-1E4F7C54E719}"
EndProject
Project("{2150E333-8FDC-42A3-9474-1A3956D46DE8}") = "CI", "CI", "{16778638-01E2-4636-A6CA-342B12BEB88E}"
	ProjectSection(SolutionItems) = preProject
		.github\workflows\dotnet.yml = .github\workflows\dotnet.yml
	EndProjectSection
EndProject
Project("{2150E333-8FDC-42A3-9474-1A3956D46DE8}") = "ARM", "ARM", "{D18E9AFE-7F4B-46F6-91AD-B3C2DAFE458E}"
	ProjectSection(SolutionItems) = preProject
		Azure\template.json = Azure\template.json
		Azure\parameters-production.json = Azure\parameters-production.json
	EndProjectSection
EndProject
Project("{FAE04EC0-301F-11D3-BF4B-00C04F79EFBC}") = "CitySearch.Web.Api", "CitySearch.Web.Api\CitySearch.Web.Api.csproj", "{CE376B4E-5F11-4FB3-9102-B4613912A0B7}"
EndProject
Global
	GlobalSection(SolutionConfigurationPlatforms) = preSolution
		Debug|Any CPU = Debug|Any CPU
		Release|Any CPU = Release|Any CPU
	EndGlobalSection
	GlobalSection(ProjectConfigurationPlatforms) = postSolution
		{6B951D5B-C405-4AB6-A191-D4630F5C8649}.Debug|Any CPU.ActiveCfg = Debug|Any CPU
		{6B951D5B-C405-4AB6-A191-D4630F5C8649}.Debug|Any CPU.Build.0 = Debug|Any CPU
		{6B951D5B-C405-4AB6-A191-D4630F5C8649}.Release|Any CPU.ActiveCfg = Release|Any CPU
		{6B951D5B-C405-4AB6-A191-D4630F5C8649}.Release|Any CPU.Build.0 = Release|Any CPU
		{930272B4-C8B6-40D2-907C-4FB4F19F51AC}.Debug|Any CPU.ActiveCfg = Debug|Any CPU
		{930272B4-C8B6-40D2-907C-4FB4F19F51AC}.Debug|Any CPU.Build.0 = Debug|Any CPU
		{930272B4-C8B6-40D2-907C-4FB4F19F51AC}.Release|Any CPU.ActiveCfg = Release|Any CPU
		{930272B4-C8B6-40D2-907C-4FB4F19F51AC}.Release|Any CPU.Build.0 = Release|Any CPU
		{6A61E14B-615F-4B4E-A4A0-7EE4242B1411}.Debug|Any CPU.ActiveCfg = Debug|Any CPU
		{6A61E14B-615F-4B4E-A4A0-7EE4242B1411}.Debug|Any CPU.Build.0 = Debug|Any CPU
		{6A61E14B-615F-4B4E-A4A0-7EE4242B1411}.Release|Any CPU.ActiveCfg = Release|Any CPU
		{6A61E14B-615F-4B4E-A4A0-7EE4242B1411}.Release|Any CPU.Build.0 = Release|Any CPU
		{AAA270C6-6968-40E6-9E37-68A2B6F8067D}.Debug|Any CPU.ActiveCfg = Debug|Any CPU
		{AAA270C6-6968-40E6-9E37-68A2B6F8067D}.Debug|Any CPU.Build.0 = Debug|Any CPU
		{AAA270C6-6968-40E6-9E37-68A2B6F8067D}.Release|Any CPU.ActiveCfg = Release|Any CPU
		{AAA270C6-6968-40E6-9E37-68A2B6F8067D}.Release|Any CPU.Build.0 = Release|Any CPU
		{4C6CAB46-6F65-41A7-A24B-1E4F7C54E719}.Debug|Any CPU.ActiveCfg = Debug|Any CPU
		{4C6CAB46-6F65-41A7-A24B-1E4F7C54E719}.Debug|Any CPU.Build.0 = Debug|Any CPU
		{4C6CAB46-6F65-41A7-A24B-1E4F7C54E719}.Release|Any CPU.ActiveCfg = Release|Any CPU
		{4C6CAB46-6F65-41A7-A24B-1E4F7C54E719}.Release|Any CPU.Build.0 = Release|Any CPU
		{CE376B4E-5F11-4FB3-9102-B4613912A0B7}.Debug|Any CPU.ActiveCfg = Debug|Any CPU
		{CE376B4E-5F11-4FB3-9102-B4613912A0B7}.Debug|Any CPU.Build.0 = Debug|Any CPU
		{CE376B4E-5F11-4FB3-9102-B4613912A0B7}.Release|Any CPU.ActiveCfg = Release|Any CPU
		{CE376B4E-5F11-4FB3-9102-B4613912A0B7}.Release|Any CPU.Build.0 = Release|Any CPU
	EndGlobalSection
	GlobalSection(SolutionProperties) = preSolution
		HideSolutionNode = FALSE
	EndGlobalSection
	GlobalSection(NestedProjects) = preSolution
		{AAA270C6-6968-40E6-9E37-68A2B6F8067D} = {DA764E99-B4C4-443F-822C-534D0A55B500}
		{4C6CAB46-6F65-41A7-A24B-1E4F7C54E719} = {DA764E99-B4C4-443F-822C-534D0A55B500}
		{16778638-01E2-4636-A6CA-342B12BEB88E} = {23FA0730-3C72-4813-834E-0E12087799D6}
		{D18E9AFE-7F4B-46F6-91AD-B3C2DAFE458E} = {23FA0730-3C72-4813-834E-0E12087799D6}
	EndGlobalSection
	GlobalSection(ExtensibilityGlobals) = postSolution
		SolutionGuid = {44787A2C-8022-4622-8212-6D763F40581D}
	EndGlobalSection
EndGlobal
